
Microsoft Visual Studio Solution File, Format Version 12.00
# Visual Studio Version 17
VisualStudioVersion = 17.14.36109.1
MinimumVisualStudioVersion = 10.0.40219.1
Project("{FAE04EC0-301F-11D3-BF4B-00C04F79EFBC}") = "TCSUserFrontEnd", "TCSUserFrontEnd\TCSUserFrontEnd.csproj", "{D4BFD24D-0CDE-4202-837C-D8CCA8224BC3}"
EndProject
Global
	GlobalSection(SolutionConfigurationPlatforms) = preSolution
		Debug|Any CPU = Debug|Any CPU
		Release|Any CPU = Release|Any CPU
	EndGlobalSection
	GlobalSection(ProjectConfigurationPlatforms) = postSolution
		{D4BFD24D-0CDE-4202-837C-D8CCA8224BC3}.Debug|Any CPU.ActiveCfg = Debug|Any CPU
		{D4BFD24D-0CDE-4202-837C-D8CCA8224BC3}.Debug|Any CPU.Build.0 = Debug|Any CPU
		{D4BFD24D-0CDE-4202-837C-D8CCA8224BC3}.Release|Any CPU.ActiveCfg = Release|Any CPU
		{D4BFD24D-0CDE-4202-837C-D8CCA8224BC3}.Release|Any CPU.Build.0 = Release|Any CPU
	EndGlobalSection
	GlobalSection(SolutionProperties) = preSolution
		HideSolutionNode = FALSE
	EndGlobalSection
	GlobalSection(ExtensibilityGlobals) = postSolution
		SolutionGuid = {09712312-99F8-463D-A5A7-35A3BACC2E10}
	EndGlobalSection
EndGlobal
